
Microsoft Visual Studio Solution File, Format Version 12.00
# Visual Studio Version 16
VisualStudioVersion = 16.0.28803.156
MinimumVisualStudioVersion = 10.0.40219.1
Project("{888888A0-9F3D-457C-B088-3A5042F75D52}") = "CameraPi3", "CameraPi3\CameraPi3.pyproj", "{246546A8-F902-4882-937A-559C4F0631D4}"
EndProject
Global
	GlobalSection(SolutionConfigurationPlatforms) = preSolution
		Debug|Any CPU = Debug|Any CPU
		Release|Any CPU = Release|Any CPU
	EndGlobalSection
	GlobalSection(ProjectConfigurationPlatforms) = postSolution
		{246546A8-F902-4882-937A-559C4F0631D4}.Debug|Any CPU.ActiveCfg = Debug|Any CPU
		{246546A8-F902-4882-937A-559C4F0631D4}.Release|Any CPU.ActiveCfg = Release|Any CPU
	EndGlobalSection
	GlobalSection(SolutionProperties) = preSolution
		HideSolutionNode = FALSE
	EndGlobalSection
	GlobalSection(ExtensibilityGlobals) = postSolution
		SolutionGuid = {1C88A2D3-8224-40F7-8CA8-9167576C05C1}
	EndGlobalSection
EndGlobal
